
Microsoft Visual Studio Solution File, Format Version 12.00
# Visual Studio 14
VisualStudioVersion = 14.0.24720.0
MinimumVisualStudioVersion = 10.0.40219.1
Project("{FAE04EC0-301F-11D3-BF4B-00C04F79EFBC}") = "Combinatorics", "Combinatorics\Combinatorics.csproj", "{CBCD3596-7DAD-4668-8B98-7AC9E57E1BAB}"
EndProject
Project("{FAE04EC0-301F-11D3-BF4B-00C04F79EFBC}") = "Benchmark", "Benchmark\Benchmark.csproj", "{D0CBAAEF-21E2-4922-A225-1253EC2A3122}"
EndProject
Global
	GlobalSection(SolutionConfigurationPlatforms) = preSolution
		Debug|Any CPU = Debug|Any CPU
		Release|Any CPU = Release|Any CPU
	EndGlobalSection
	GlobalSection(ProjectConfigurationPlatforms) = postSolution
		{CBCD3596-7DAD-4668-8B98-7AC9E57E1BAB}.Debug|Any CPU.ActiveCfg = Debug|Any CPU
		{CBCD3596-7DAD-4668-8B98-7AC9E57E1BAB}.Debug|Any CPU.Build.0 = Debug|Any CPU
		{CBCD3596-7DAD-4668-8B98-7AC9E57E1BAB}.Release|Any CPU.ActiveCfg = Release|Any CPU
		{CBCD3596-7DAD-4668-8B98-7AC9E57E1BAB}.Release|Any CPU.Build.0 = Release|Any CPU
		{D0CBAAEF-21E2-4922-A225-1253EC2A3122}.Debug|Any CPU.ActiveCfg = Debug|Any CPU
		{D0CBAAEF-21E2-4922-A225-1253EC2A3122}.Debug|Any CPU.Build.0 = Debug|Any CPU
		{D0CBAAEF-21E2-4922-A225-1253EC2A3122}.Release|Any CPU.ActiveCfg = Release|Any CPU
		{D0CBAAEF-21E2-4922-A225-1253EC2A3122}.Release|Any CPU.Build.0 = Release|Any CPU
	EndGlobalSection
	GlobalSection(SolutionProperties) = preSolution
		HideSolutionNode = FALSE
	EndGlobalSection
EndGlobal
